
Microsoft Visual Studio Solution File, Format Version 12.00
# Visual Studio Version 16
VisualStudioVersion = 16.0.32602.291
MinimumVisualStudioVersion = 10.0.40219.1
Project("{FAE04EC0-301F-11D3-BF4B-00C04F79EFBC}") = "VRCSDK3A", "VRCSDK3A\VRCSDK3A.csproj", "{C54C26B2-3CCA-40E6-ADB3-7A640864F661}"
	ProjectSection(ProjectDependencies) = postProject
		{F660EB06-3FE3-4C70-84BD-69C42D0EFFB0} = {F660EB06-3FE3-4C70-84BD-69C42D0EFFB0}
	EndProjectSection
EndProject
Project("{FAE04EC0-301F-11D3-BF4B-00C04F79EFBC}") = "VRCSDKBase", "VRCSDKBase\VRCSDKBase.csproj", "{F660EB06-3FE3-4C70-84BD-69C42D0EFFB0}"
EndProject
Project("{FAE04EC0-301F-11D3-BF4B-00C04F79EFBC}") = "VRC.SDK3.Dynamics.PhysBone", "VRC_SDK3_Dynamics_PhysBone\VRC.SDK3.Dynamics.PhysBone.csproj", "{25D67AC1-B007-4197-834A-5342EC08859B}"
EndProject
Project("{FAE04EC0-301F-11D3-BF4B-00C04F79EFBC}") = "VRC.SDK3.Dynamics.Contact", "VRC_SDK3_Dynamics_Contact\VRC.SDK3.Dynamics.Contact.csproj", "{FD230B0F-8070-438B-B5CA-110AC1F80625}"
EndProject
Project("{FAE04EC0-301F-11D3-BF4B-00C04F79EFBC}") = "VRC.Dynamics", "VRC.Dynamics\VRC.Dynamics.csproj", "{81F78FBB-61BC-4856-A3A1-3C9582C1B5D3}"
EndProject
Project("{FAE04EC0-301F-11D3-BF4B-00C04F79EFBC}") = "VRCCore-Editor", "VRCCore-Editor\VRCCore-Editor.csproj", "{44D5EE9B-6B06-447A-9137-1A1D05CCFBA2}"
EndProject
Global
	GlobalSection(SolutionConfigurationPlatforms) = preSolution
		Debug|Any CPU = Debug|Any CPU
		Release|Any CPU = Release|Any CPU
	EndGlobalSection
	GlobalSection(ProjectConfigurationPlatforms) = postSolution
		{C54C26B2-3CCA-40E6-ADB3-7A640864F661}.Debug|Any CPU.ActiveCfg = Release|Any CPU
		{C54C26B2-3CCA-40E6-ADB3-7A640864F661}.Debug|Any CPU.Build.0 = Release|Any CPU
		{C54C26B2-3CCA-40E6-ADB3-7A640864F661}.Release|Any CPU.ActiveCfg = Release|Any CPU
		{C54C26B2-3CCA-40E6-ADB3-7A640864F661}.Release|Any CPU.Build.0 = Release|Any CPU
		{F660EB06-3FE3-4C70-84BD-69C42D0EFFB0}.Debug|Any CPU.ActiveCfg = Release|Any CPU
		{F660EB06-3FE3-4C70-84BD-69C42D0EFFB0}.Debug|Any CPU.Build.0 = Release|Any CPU
		{F660EB06-3FE3-4C70-84BD-69C42D0EFFB0}.Release|Any CPU.ActiveCfg = Release|Any CPU
		{F660EB06-3FE3-4C70-84BD-69C42D0EFFB0}.Release|Any CPU.Build.0 = Release|Any CPU
		{25D67AC1-B007-4197-834A-5342EC08859B}.Debug|Any CPU.ActiveCfg = Release|Any CPU
		{25D67AC1-B007-4197-834A-5342EC08859B}.Debug|Any CPU.Build.0 = Release|Any CPU
		{25D67AC1-B007-4197-834A-5342EC08859B}.Release|Any CPU.ActiveCfg = Release|Any CPU
		{25D67AC1-B007-4197-834A-5342EC08859B}.Release|Any CPU.Build.0 = Release|Any CPU
		{FD230B0F-8070-438B-B5CA-110AC1F80625}.Debug|Any CPU.ActiveCfg = Release|Any CPU
		{FD230B0F-8070-438B-B5CA-110AC1F80625}.Debug|Any CPU.Build.0 = Release|Any CPU
		{FD230B0F-8070-438B-B5CA-110AC1F80625}.Release|Any CPU.ActiveCfg = Release|Any CPU
		{FD230B0F-8070-438B-B5CA-110AC1F80625}.Release|Any CPU.Build.0 = Release|Any CPU
		{81F78FBB-61BC-4856-A3A1-3C9582C1B5D3}.Debug|Any CPU.ActiveCfg = Release|Any CPU
		{81F78FBB-61BC-4856-A3A1-3C9582C1B5D3}.Release|Any CPU.ActiveCfg = Release|Any CPU
		{81F78FBB-61BC-4856-A3A1-3C9582C1B5D3}.Release|Any CPU.Build.0 = Release|Any CPU
		{44D5EE9B-6B06-447A-9137-1A1D05CCFBA2}.Debug|Any CPU.ActiveCfg = Release|Any CPU
		{44D5EE9B-6B06-447A-9137-1A1D05CCFBA2}.Release|Any CPU.ActiveCfg = Release|Any CPU
		{44D5EE9B-6B06-447A-9137-1A1D05CCFBA2}.Release|Any CPU.Build.0 = Release|Any CPU
	EndGlobalSection
	GlobalSection(SolutionProperties) = preSolution
		HideSolutionNode = FALSE
	EndGlobalSection
	GlobalSection(ExtensibilityGlobals) = postSolution
		SolutionGuid = {309F7196-EB57-4004-9375-DA2A750942B9}
	EndGlobalSection
EndGlobal
